
Microsoft Visual Studio Solution File, Format Version 12.00
# Visual Studio Version 17
VisualStudioVersion = 17.9.34616.47
MinimumVisualStudioVersion = 10.0.40219.1
Project("{FAE04EC0-301F-11D3-BF4B-00C04F79EFBC}") = "Exemplo03_Decorator", "Exemplo03_Decorator\Exemplo03_Decorator.csproj", "{D37E08CB-D326-4B0E-82B0-7B9BC3C47B21}"
EndProject
Global
	GlobalSection(SolutionConfigurationPlatforms) = preSolution
		Debug|Any CPU = Debug|Any CPU
		Release|Any CPU = Release|Any CPU
	EndGlobalSection
	GlobalSection(ProjectConfigurationPlatforms) = postSolution
		{D37E08CB-D326-4B0E-82B0-7B9BC3C47B21}.Debug|Any CPU.ActiveCfg = Debug|Any CPU
		{D37E08CB-D326-4B0E-82B0-7B9BC3C47B21}.Debug|Any CPU.Build.0 = Debug|Any CPU
		{D37E08CB-D326-4B0E-82B0-7B9BC3C47B21}.Release|Any CPU.ActiveCfg = Release|Any CPU
		{D37E08CB-D326-4B0E-82B0-7B9BC3C47B21}.Release|Any CPU.Build.0 = Release|Any CPU
	EndGlobalSection
	GlobalSection(SolutionProperties) = preSolution
		HideSolutionNode = FALSE
	EndGlobalSection
	GlobalSection(ExtensibilityGlobals) = postSolution
		SolutionGuid = {6719E674-17F2-4193-9BCB-C58F9E01ECB9}
	EndGlobalSection
EndGlobal
