
Microsoft Visual Studio Solution File, Format Version 12.00
# Visual Studio Version 17
VisualStudioVersion = 17.9.34616.47
MinimumVisualStudioVersion = 10.0.40219.1
Project("{9A19103F-16F7-4668-BE54-9A1E7A4F7556}") = "Exemplo02_FactoryMethod", "Exemplo02_FactoryMethod\Exemplo02_FactoryMethod.csproj", "{412EAAEE-0473-4B47-A295-20336DC42B15}"
EndProject
Global
	GlobalSection(SolutionConfigurationPlatforms) = preSolution
		Debug|Any CPU = Debug|Any CPU
		Release|Any CPU = Release|Any CPU
	EndGlobalSection
	GlobalSection(ProjectConfigurationPlatforms) = postSolution
		{412EAAEE-0473-4B47-A295-20336DC42B15}.Debug|Any CPU.ActiveCfg = Debug|Any CPU
		{412EAAEE-0473-4B47-A295-20336DC42B15}.Debug|Any CPU.Build.0 = Debug|Any CPU
		{412EAAEE-0473-4B47-A295-20336DC42B15}.Release|Any CPU.ActiveCfg = Release|Any CPU
		{412EAAEE-0473-4B47-A295-20336DC42B15}.Release|Any CPU.Build.0 = Release|Any CPU
	EndGlobalSection
	GlobalSection(SolutionProperties) = preSolution
		HideSolutionNode = FALSE
	EndGlobalSection
	GlobalSection(ExtensibilityGlobals) = postSolution
		SolutionGuid = {FA1FD366-F249-4D2F-A2FA-472BB4C2C53C}
	EndGlobalSection
EndGlobal
